
Microsoft Visual Studio Solution File, Format Version 12.00
# Visual Studio Version 17
VisualStudioVersion = 17.4.33122.133
MinimumVisualStudioVersion = 10.0.40219.1
Project("{9A19103F-16F7-4668-BE54-9A1E7A4F7556}") = "BaseProject", "BaseProject\BaseProject.csproj", "{1C2E117C-1407-4443-A9C6-C2697A36C252}"
EndProject
Project("{9A19103F-16F7-4668-BE54-9A1E7A4F7556}") = "WebApp.Strategy", "WebApp.Strategy\WebApp.Strategy.csproj", "{33A696BA-0A7B-4AC3-A437-E8F18BD64FB1}"
EndProject
Global
	GlobalSection(SolutionConfigurationPlatforms) = preSolution
		Debug|Any CPU = Debug|Any CPU
		Release|Any CPU = Release|Any CPU
	EndGlobalSection
	GlobalSection(ProjectConfigurationPlatforms) = postSolution
		{1C2E117C-1407-4443-A9C6-C2697A36C252}.Debug|Any CPU.ActiveCfg = Debug|Any CPU
		{1C2E117C-1407-4443-A9C6-C2697A36C252}.Debug|Any CPU.Build.0 = Debug|Any CPU
		{1C2E117C-1407-4443-A9C6-C2697A36C252}.Release|Any CPU.ActiveCfg = Release|Any CPU
		{1C2E117C-1407-4443-A9C6-C2697A36C252}.Release|Any CPU.Build.0 = Release|Any CPU
		{33A696BA-0A7B-4AC3-A437-E8F18BD64FB1}.Debug|Any CPU.ActiveCfg = Debug|Any CPU
		{33A696BA-0A7B-4AC3-A437-E8F18BD64FB1}.Debug|Any CPU.Build.0 = Debug|Any CPU
		{33A696BA-0A7B-4AC3-A437-E8F18BD64FB1}.Release|Any CPU.ActiveCfg = Release|Any CPU
		{33A696BA-0A7B-4AC3-A437-E8F18BD64FB1}.Release|Any CPU.Build.0 = Release|Any CPU
	EndGlobalSection
	GlobalSection(SolutionProperties) = preSolution
		HideSolutionNode = FALSE
	EndGlobalSection
	GlobalSection(ExtensibilityGlobals) = postSolution
		SolutionGuid = {E4EED374-85AD-4897-BC65-B08343F77CE0}
	EndGlobalSection
EndGlobal
